
Microsoft Visual Studio Solution File, Format Version 12.00
# Visual Studio Version 17
VisualStudioVersion = 17.6.33829.357
MinimumVisualStudioVersion = 10.0.40219.1
Project("{FAE04EC0-301F-11D3-BF4B-00C04F79EFBC}") = "InterviewOuestion", "InterviewOuestion\InterviewOuestion.csproj", "{DEC3E9C9-4D04-4DBE-9990-DDB182BC78D1}"
EndProject
Global
	GlobalSection(SolutionConfigurationPlatforms) = preSolution
		Debug|Any CPU = Debug|Any CPU
		Release|Any CPU = Release|Any CPU
	EndGlobalSection
	GlobalSection(ProjectConfigurationPlatforms) = postSolution
		{DEC3E9C9-4D04-4DBE-9990-DDB182BC78D1}.Debug|Any CPU.ActiveCfg = Debug|Any CPU
		{DEC3E9C9-4D04-4DBE-9990-DDB182BC78D1}.Debug|Any CPU.Build.0 = Debug|Any CPU
		{DEC3E9C9-4D04-4DBE-9990-DDB182BC78D1}.Release|Any CPU.ActiveCfg = Release|Any CPU
		{DEC3E9C9-4D04-4DBE-9990-DDB182BC78D1}.Release|Any CPU.Build.0 = Release|Any CPU
	EndGlobalSection
	GlobalSection(SolutionProperties) = preSolution
		HideSolutionNode = FALSE
	EndGlobalSection
	GlobalSection(ExtensibilityGlobals) = postSolution
		SolutionGuid = {158318DD-65CE-45EF-A220-0FB9C7BBD83B}
	EndGlobalSection
EndGlobal
